<?xml version="1.0" encoding="UTF-8"?>
<CodeBlocks_project_file>
	<FileVersion major="1" minor="6"/>
	<Project>
		<Option title="work"/>
		<Option makefile_is_custom="1"/>
		<Option compiler="gcc"/>
		<Option virtualFolders="CMake Files\;CMake Files\lib\;CMake Files\lib\ext\;CMake Files\lib\ext\googletest\;CMake Files\lib\ext\googletest\cmake\;"/>
		<Build>
			<Target title="all">
				<Option working_dir="/Users/zhoubaochuan/Workspace/Cplus/cplus/work"/>
				<Option type="4"/>
				<MakeCommands>
					<Build command="/usr/bin/make -j8 -f &quot;/Users/zhoubaochuan/Workspace/Cplus/cplus/work/Makefile&quot;  VERBOSE=1 all"/>
					<CompileFile command="/usr/bin/make -j8 -f &quot;/Users/zhoubaochuan/Workspace/Cplus/cplus/work/Makefile&quot;  VERBOSE=1 &quot;$file&quot;"/>
					<Clean command="/usr/bin/make -j8 -f &quot;/Users/zhoubaochuan/Workspace/Cplus/cplus/work/Makefile&quot;  VERBOSE=1 clean"/>
					<DistClean command="/usr/bin/make -j8 -f &quot;/Users/zhoubaochuan/Workspace/Cplus/cplus/work/Makefile&quot;  VERBOSE=1 clean"/>
				</MakeCommands>
			</Target>
			<Target title="work_test">
				<Option output="/Users/zhoubaochuan/Workspace/Cplus/cplus/work/output/bin/work_test" prefix_auto="0" extension_auto="0"/>
				<Option working_dir="/Users/zhoubaochuan/Workspace/Cplus/cplus/work/output/bin"/>
				<Option object_output="./"/>
				<Option type="1"/>
				<Option compiler="gcc"/>
				<Compiler>
					<Add directory="/Users/zhoubaochuan/Workspace/Cplus/cplus/work/src/include"/>
					<Add directory="/Users/zhoubaochuan/Workspace/Cplus/cplus/work/lib/ext/googletest/include"/>
					<Add directory="/Applications/Xcode.app/Contents/Developer/Toolchains/XcodeDefault.xctoolchain/usr/bin/../include/c++/v1"/>
					<Add directory="/usr/local/include"/>
					<Add directory="/Applications/Xcode.app/Contents/Developer/Toolchains/XcodeDefault.xctoolchain/usr/bin/../lib/clang/8.0.0/include"/>
					<Add directory="/Applications/Xcode.app/Contents/Developer/Toolchains/XcodeDefault.xctoolchain/usr/include"/>
					<Add directory="/usr/include"/>
					<Add directory="/System/Library/Frameworks"/>
					<Add directory="/Library/Frameworks"/>
				</Compiler>
				<MakeCommands>
					<Build command="/usr/bin/make -j8 -f &quot;/Users/zhoubaochuan/Workspace/Cplus/cplus/work/Makefile&quot;  VERBOSE=1 work_test"/>
					<CompileFile command="/usr/bin/make -j8 -f &quot;/Users/zhoubaochuan/Workspace/Cplus/cplus/work/Makefile&quot;  VERBOSE=1 &quot;$file&quot;"/>
					<Clean command="/usr/bin/make -j8 -f &quot;/Users/zhoubaochuan/Workspace/Cplus/cplus/work/Makefile&quot;  VERBOSE=1 clean"/>
					<DistClean command="/usr/bin/make -j8 -f &quot;/Users/zhoubaochuan/Workspace/Cplus/cplus/work/Makefile&quot;  VERBOSE=1 clean"/>
				</MakeCommands>
			</Target>
			<Target title="work_test/fast">
				<Option output="/Users/zhoubaochuan/Workspace/Cplus/cplus/work/output/bin/work_test" prefix_auto="0" extension_auto="0"/>
				<Option working_dir="/Users/zhoubaochuan/Workspace/Cplus/cplus/work/output/bin"/>
				<Option object_output="./"/>
				<Option type="1"/>
				<Option compiler="gcc"/>
				<Compiler>
					<Add directory="/Users/zhoubaochuan/Workspace/Cplus/cplus/work/src/include"/>
					<Add directory="/Users/zhoubaochuan/Workspace/Cplus/cplus/work/lib/ext/googletest/include"/>
					<Add directory="/Applications/Xcode.app/Contents/Developer/Toolchains/XcodeDefault.xctoolchain/usr/bin/../include/c++/v1"/>
					<Add directory="/usr/local/include"/>
					<Add directory="/Applications/Xcode.app/Contents/Developer/Toolchains/XcodeDefault.xctoolchain/usr/bin/../lib/clang/8.0.0/include"/>
					<Add directory="/Applications/Xcode.app/Contents/Developer/Toolchains/XcodeDefault.xctoolchain/usr/include"/>
					<Add directory="/usr/include"/>
					<Add directory="/System/Library/Frameworks"/>
					<Add directory="/Library/Frameworks"/>
				</Compiler>
				<MakeCommands>
					<Build command="/usr/bin/make -j8 -f &quot;/Users/zhoubaochuan/Workspace/Cplus/cplus/work/Makefile&quot;  VERBOSE=1 work_test/fast"/>
					<CompileFile command="/usr/bin/make -j8 -f &quot;/Users/zhoubaochuan/Workspace/Cplus/cplus/work/Makefile&quot;  VERBOSE=1 &quot;$file&quot;"/>
					<Clean command="/usr/bin/make -j8 -f &quot;/Users/zhoubaochuan/Workspace/Cplus/cplus/work/Makefile&quot;  VERBOSE=1 clean"/>
					<DistClean command="/usr/bin/make -j8 -f &quot;/Users/zhoubaochuan/Workspace/Cplus/cplus/work/Makefile&quot;  VERBOSE=1 clean"/>
				</MakeCommands>
			</Target>
			<Target title="work">
				<Option output="/Users/zhoubaochuan/Workspace/Cplus/cplus/work/output/bin/work" prefix_auto="0" extension_auto="0"/>
				<Option working_dir="/Users/zhoubaochuan/Workspace/Cplus/cplus/work/output/bin"/>
				<Option object_output="./"/>
				<Option type="1"/>
				<Option compiler="gcc"/>
				<Compiler>
					<Add directory="/Users/zhoubaochuan/Workspace/Cplus/cplus/work/src/include"/>
					<Add directory="/Users/zhoubaochuan/Workspace/Cplus/cplus/work/lib/ext/googletest/include"/>
					<Add directory="/Applications/Xcode.app/Contents/Developer/Toolchains/XcodeDefault.xctoolchain/usr/bin/../include/c++/v1"/>
					<Add directory="/usr/local/include"/>
					<Add directory="/Applications/Xcode.app/Contents/Developer/Toolchains/XcodeDefault.xctoolchain/usr/bin/../lib/clang/8.0.0/include"/>
					<Add directory="/Applications/Xcode.app/Contents/Developer/Toolchains/XcodeDefault.xctoolchain/usr/include"/>
					<Add directory="/usr/include"/>
					<Add directory="/System/Library/Frameworks"/>
					<Add directory="/Library/Frameworks"/>
				</Compiler>
				<MakeCommands>
					<Build command="/usr/bin/make -j8 -f &quot;/Users/zhoubaochuan/Workspace/Cplus/cplus/work/Makefile&quot;  VERBOSE=1 work"/>
					<CompileFile command="/usr/bin/make -j8 -f &quot;/Users/zhoubaochuan/Workspace/Cplus/cplus/work/Makefile&quot;  VERBOSE=1 &quot;$file&quot;"/>
					<Clean command="/usr/bin/make -j8 -f &quot;/Users/zhoubaochuan/Workspace/Cplus/cplus/work/Makefile&quot;  VERBOSE=1 clean"/>
					<DistClean command="/usr/bin/make -j8 -f &quot;/Users/zhoubaochuan/Workspace/Cplus/cplus/work/Makefile&quot;  VERBOSE=1 clean"/>
				</MakeCommands>
			</Target>
			<Target title="work/fast">
				<Option output="/Users/zhoubaochuan/Workspace/Cplus/cplus/work/output/bin/work" prefix_auto="0" extension_auto="0"/>
				<Option working_dir="/Users/zhoubaochuan/Workspace/Cplus/cplus/work/output/bin"/>
				<Option object_output="./"/>
				<Option type="1"/>
				<Option compiler="gcc"/>
				<Compiler>
					<Add directory="/Users/zhoubaochuan/Workspace/Cplus/cplus/work/src/include"/>
					<Add directory="/Users/zhoubaochuan/Workspace/Cplus/cplus/work/lib/ext/googletest/include"/>
					<Add directory="/Applications/Xcode.app/Contents/Developer/Toolchains/XcodeDefault.xctoolchain/usr/bin/../include/c++/v1"/>
					<Add directory="/usr/local/include"/>
					<Add directory="/Applications/Xcode.app/Contents/Developer/Toolchains/XcodeDefault.xctoolchain/usr/bin/../lib/clang/8.0.0/include"/>
					<Add directory="/Applications/Xcode.app/Contents/Developer/Toolchains/XcodeDefault.xctoolchain/usr/include"/>
					<Add directory="/usr/include"/>
					<Add directory="/System/Library/Frameworks"/>
					<Add directory="/Library/Frameworks"/>
				</Compiler>
				<MakeCommands>
					<Build command="/usr/bin/make -j8 -f &quot;/Users/zhoubaochuan/Workspace/Cplus/cplus/work/Makefile&quot;  VERBOSE=1 work/fast"/>
					<CompileFile command="/usr/bin/make -j8 -f &quot;/Users/zhoubaochuan/Workspace/Cplus/cplus/work/Makefile&quot;  VERBOSE=1 &quot;$file&quot;"/>
					<Clean command="/usr/bin/make -j8 -f &quot;/Users/zhoubaochuan/Workspace/Cplus/cplus/work/Makefile&quot;  VERBOSE=1 clean"/>
					<DistClean command="/usr/bin/make -j8 -f &quot;/Users/zhoubaochuan/Workspace/Cplus/cplus/work/Makefile&quot;  VERBOSE=1 clean"/>
				</MakeCommands>
			</Target>
			<Target title="rebuild_cache">
				<Option working_dir="/Users/zhoubaochuan/Workspace/Cplus/cplus/work"/>
				<Option type="4"/>
				<MakeCommands>
					<Build command="/usr/bin/make -j8 -f &quot;/Users/zhoubaochuan/Workspace/Cplus/cplus/work/Makefile&quot;  VERBOSE=1 rebuild_cache"/>
					<CompileFile command="/usr/bin/make -j8 -f &quot;/Users/zhoubaochuan/Workspace/Cplus/cplus/work/Makefile&quot;  VERBOSE=1 &quot;$file&quot;"/>
					<Clean command="/usr/bin/make -j8 -f &quot;/Users/zhoubaochuan/Workspace/Cplus/cplus/work/Makefile&quot;  VERBOSE=1 clean"/>
					<DistClean command="/usr/bin/make -j8 -f &quot;/Users/zhoubaochuan/Workspace/Cplus/cplus/work/Makefile&quot;  VERBOSE=1 clean"/>
				</MakeCommands>
			</Target>
			<Target title="edit_cache">
				<Option working_dir="/Users/zhoubaochuan/Workspace/Cplus/cplus/work"/>
				<Option type="4"/>
				<MakeCommands>
					<Build command="/usr/bin/make -j8 -f &quot;/Users/zhoubaochuan/Workspace/Cplus/cplus/work/Makefile&quot;  VERBOSE=1 edit_cache"/>
					<CompileFile command="/usr/bin/make -j8 -f &quot;/Users/zhoubaochuan/Workspace/Cplus/cplus/work/Makefile&quot;  VERBOSE=1 &quot;$file&quot;"/>
					<Clean command="/usr/bin/make -j8 -f &quot;/Users/zhoubaochuan/Workspace/Cplus/cplus/work/Makefile&quot;  VERBOSE=1 clean"/>
					<DistClean command="/usr/bin/make -j8 -f &quot;/Users/zhoubaochuan/Workspace/Cplus/cplus/work/Makefile&quot;  VERBOSE=1 clean"/>
				</MakeCommands>
			</Target>
			<Target title="cmake-build-debug">
				<Option working_dir="/Users/zhoubaochuan/Workspace/Cplus/cplus/work"/>
				<Option type="4"/>
				<MakeCommands>
					<Build command="/usr/bin/make -j8 -f &quot;/Users/zhoubaochuan/Workspace/Cplus/cplus/work/Makefile&quot;  VERBOSE=1 cmake-build-debug"/>
					<CompileFile command="/usr/bin/make -j8 -f &quot;/Users/zhoubaochuan/Workspace/Cplus/cplus/work/Makefile&quot;  VERBOSE=1 &quot;$file&quot;"/>
					<Clean command="/usr/bin/make -j8 -f &quot;/Users/zhoubaochuan/Workspace/Cplus/cplus/work/Makefile&quot;  VERBOSE=1 clean"/>
					<DistClean command="/usr/bin/make -j8 -f &quot;/Users/zhoubaochuan/Workspace/Cplus/cplus/work/Makefile&quot;  VERBOSE=1 clean"/>
				</MakeCommands>
			</Target>
			<Target title="gtest_main">
				<Option output="/Users/zhoubaochuan/Workspace/Cplus/cplus/work/lib/ext/googletest/libgtest_maind.a" prefix_auto="0" extension_auto="0"/>
				<Option working_dir="/Users/zhoubaochuan/Workspace/Cplus/cplus/work/lib/ext/googletest"/>
				<Option object_output="./"/>
				<Option type="2"/>
				<Option compiler="gcc"/>
				<Compiler>
					<Add directory="/Users/zhoubaochuan/Workspace/Cplus/cplus/work/lib/ext/googletest/include"/>
					<Add directory="/Users/zhoubaochuan/Workspace/Cplus/cplus/work/lib/ext/googletest"/>
					<Add directory="/Applications/Xcode.app/Contents/Developer/Toolchains/XcodeDefault.xctoolchain/usr/bin/../include/c++/v1"/>
					<Add directory="/usr/local/include"/>
					<Add directory="/Applications/Xcode.app/Contents/Developer/Toolchains/XcodeDefault.xctoolchain/usr/bin/../lib/clang/8.0.0/include"/>
					<Add directory="/Applications/Xcode.app/Contents/Developer/Toolchains/XcodeDefault.xctoolchain/usr/include"/>
					<Add directory="/usr/include"/>
					<Add directory="/System/Library/Frameworks"/>
					<Add directory="/Library/Frameworks"/>
				</Compiler>
				<MakeCommands>
					<Build command="/usr/bin/make -j8 -f &quot;/Users/zhoubaochuan/Workspace/Cplus/cplus/work/lib/ext/googletest/Makefile&quot;  VERBOSE=1 gtest_main"/>
					<CompileFile command="/usr/bin/make -j8 -f &quot;/Users/zhoubaochuan/Workspace/Cplus/cplus/work/lib/ext/googletest/Makefile&quot;  VERBOSE=1 &quot;$file&quot;"/>
					<Clean command="/usr/bin/make -j8 -f &quot;/Users/zhoubaochuan/Workspace/Cplus/cplus/work/lib/ext/googletest/Makefile&quot;  VERBOSE=1 clean"/>
					<DistClean command="/usr/bin/make -j8 -f &quot;/Users/zhoubaochuan/Workspace/Cplus/cplus/work/lib/ext/googletest/Makefile&quot;  VERBOSE=1 clean"/>
				</MakeCommands>
			</Target>
			<Target title="gtest_main/fast">
				<Option output="/Users/zhoubaochuan/Workspace/Cplus/cplus/work/lib/ext/googletest/libgtest_maind.a" prefix_auto="0" extension_auto="0"/>
				<Option working_dir="/Users/zhoubaochuan/Workspace/Cplus/cplus/work/lib/ext/googletest"/>
				<Option object_output="./"/>
				<Option type="2"/>
				<Option compiler="gcc"/>
				<Compiler>
					<Add directory="/Users/zhoubaochuan/Workspace/Cplus/cplus/work/lib/ext/googletest/include"/>
					<Add directory="/Users/zhoubaochuan/Workspace/Cplus/cplus/work/lib/ext/googletest"/>
					<Add directory="/Applications/Xcode.app/Contents/Developer/Toolchains/XcodeDefault.xctoolchain/usr/bin/../include/c++/v1"/>
					<Add directory="/usr/local/include"/>
					<Add directory="/Applications/Xcode.app/Contents/Developer/Toolchains/XcodeDefault.xctoolchain/usr/bin/../lib/clang/8.0.0/include"/>
					<Add directory="/Applications/Xcode.app/Contents/Developer/Toolchains/XcodeDefault.xctoolchain/usr/include"/>
					<Add directory="/usr/include"/>
					<Add directory="/System/Library/Frameworks"/>
					<Add directory="/Library/Frameworks"/>
				</Compiler>
				<MakeCommands>
					<Build command="/usr/bin/make -j8 -f &quot;/Users/zhoubaochuan/Workspace/Cplus/cplus/work/lib/ext/googletest/Makefile&quot;  VERBOSE=1 gtest_main/fast"/>
					<CompileFile command="/usr/bin/make -j8 -f &quot;/Users/zhoubaochuan/Workspace/Cplus/cplus/work/lib/ext/googletest/Makefile&quot;  VERBOSE=1 &quot;$file&quot;"/>
					<Clean command="/usr/bin/make -j8 -f &quot;/Users/zhoubaochuan/Workspace/Cplus/cplus/work/lib/ext/googletest/Makefile&quot;  VERBOSE=1 clean"/>
					<DistClean command="/usr/bin/make -j8 -f &quot;/Users/zhoubaochuan/Workspace/Cplus/cplus/work/lib/ext/googletest/Makefile&quot;  VERBOSE=1 clean"/>
				</MakeCommands>
			</Target>
			<Target title="gtest">
				<Option output="/Users/zhoubaochuan/Workspace/Cplus/cplus/work/lib/ext/googletest/libgtestd.a" prefix_auto="0" extension_auto="0"/>
				<Option working_dir="/Users/zhoubaochuan/Workspace/Cplus/cplus/work/lib/ext/googletest"/>
				<Option object_output="./"/>
				<Option type="2"/>
				<Option compiler="gcc"/>
				<Compiler>
					<Add directory="/Users/zhoubaochuan/Workspace/Cplus/cplus/work/lib/ext/googletest/include"/>
					<Add directory="/Users/zhoubaochuan/Workspace/Cplus/cplus/work/lib/ext/googletest"/>
					<Add directory="/Applications/Xcode.app/Contents/Developer/Toolchains/XcodeDefault.xctoolchain/usr/bin/../include/c++/v1"/>
					<Add directory="/usr/local/include"/>
					<Add directory="/Applications/Xcode.app/Contents/Developer/Toolchains/XcodeDefault.xctoolchain/usr/bin/../lib/clang/8.0.0/include"/>
					<Add directory="/Applications/Xcode.app/Contents/Developer/Toolchains/XcodeDefault.xctoolchain/usr/include"/>
					<Add directory="/usr/include"/>
					<Add directory="/System/Library/Frameworks"/>
					<Add directory="/Library/Frameworks"/>
				</Compiler>
				<MakeCommands>
					<Build command="/usr/bin/make -j8 -f &quot;/Users/zhoubaochuan/Workspace/Cplus/cplus/work/lib/ext/googletest/Makefile&quot;  VERBOSE=1 gtest"/>
					<CompileFile command="/usr/bin/make -j8 -f &quot;/Users/zhoubaochuan/Workspace/Cplus/cplus/work/lib/ext/googletest/Makefile&quot;  VERBOSE=1 &quot;$file&quot;"/>
					<Clean command="/usr/bin/make -j8 -f &quot;/Users/zhoubaochuan/Workspace/Cplus/cplus/work/lib/ext/googletest/Makefile&quot;  VERBOSE=1 clean"/>
					<DistClean command="/usr/bin/make -j8 -f &quot;/Users/zhoubaochuan/Workspace/Cplus/cplus/work/lib/ext/googletest/Makefile&quot;  VERBOSE=1 clean"/>
				</MakeCommands>
			</Target>
			<Target title="gtest/fast">
				<Option output="/Users/zhoubaochuan/Workspace/Cplus/cplus/work/lib/ext/googletest/libgtestd.a" prefix_auto="0" extension_auto="0"/>
				<Option working_dir="/Users/zhoubaochuan/Workspace/Cplus/cplus/work/lib/ext/googletest"/>
				<Option object_output="./"/>
				<Option type="2"/>
				<Option compiler="gcc"/>
				<Compiler>
					<Add directory="/Users/zhoubaochuan/Workspace/Cplus/cplus/work/lib/ext/googletest/include"/>
					<Add directory="/Users/zhoubaochuan/Workspace/Cplus/cplus/work/lib/ext/googletest"/>
					<Add directory="/Applications/Xcode.app/Contents/Developer/Toolchains/XcodeDefault.xctoolchain/usr/bin/../include/c++/v1"/>
					<Add directory="/usr/local/include"/>
					<Add directory="/Applications/Xcode.app/Contents/Developer/Toolchains/XcodeDefault.xctoolchain/usr/bin/../lib/clang/8.0.0/include"/>
					<Add directory="/Applications/Xcode.app/Contents/Developer/Toolchains/XcodeDefault.xctoolchain/usr/include"/>
					<Add directory="/usr/include"/>
					<Add directory="/System/Library/Frameworks"/>
					<Add directory="/Library/Frameworks"/>
				</Compiler>
				<MakeCommands>
					<Build command="/usr/bin/make -j8 -f &quot;/Users/zhoubaochuan/Workspace/Cplus/cplus/work/lib/ext/googletest/Makefile&quot;  VERBOSE=1 gtest/fast"/>
					<CompileFile command="/usr/bin/make -j8 -f &quot;/Users/zhoubaochuan/Workspace/Cplus/cplus/work/lib/ext/googletest/Makefile&quot;  VERBOSE=1 &quot;$file&quot;"/>
					<Clean command="/usr/bin/make -j8 -f &quot;/Users/zhoubaochuan/Workspace/Cplus/cplus/work/lib/ext/googletest/Makefile&quot;  VERBOSE=1 clean"/>
					<DistClean command="/usr/bin/make -j8 -f &quot;/Users/zhoubaochuan/Workspace/Cplus/cplus/work/lib/ext/googletest/Makefile&quot;  VERBOSE=1 clean"/>
				</MakeCommands>
			</Target>
		</Build>
		<Unit filename="/Users/zhoubaochuan/Workspace/Cplus/cplus/work/lib/ext/googletest/src/gtest-all.cc">
			<Option target="gtest"/>
		</Unit>
		<Unit filename="/Users/zhoubaochuan/Workspace/Cplus/cplus/work/lib/ext/googletest/src/gtest_main.cc">
			<Option target="gtest_main"/>
		</Unit>
		<Unit filename="/Users/zhoubaochuan/Workspace/Cplus/cplus/work/src/main/main.cpp">
			<Option target="work"/>
		</Unit>
		<Unit filename="/Users/zhoubaochuan/Workspace/Cplus/cplus/work/src/test/main.cpp">
			<Option target="work_test"/>
		</Unit>
		<Unit filename="/Users/zhoubaochuan/Workspace/Cplus/cplus/work/src/test/string_util.cpp">
			<Option target="work_test"/>
		</Unit>
		<Unit filename="/Users/zhoubaochuan/Workspace/Cplus/cplus/work/src/utility/string_util.cpp">
			<Option target="work_test"/>
			<Option target="work"/>
		</Unit>
		<Unit filename="/Users/zhoubaochuan/Workspace/Cplus/cplus/work/CMakeLists.txt">
			<Option virtualFolder="CMake Files\"/>
		</Unit>
		<Unit filename="/Users/zhoubaochuan/Workspace/Cplus/cplus/work/lib/ext/googletest/CMakeLists.txt">
			<Option virtualFolder="CMake Files\lib\ext\googletest\"/>
		</Unit>
		<Unit filename="/Users/zhoubaochuan/Workspace/Cplus/cplus/work/lib/ext/googletest/CMakeLists.txt">
			<Option virtualFolder="CMake Files\lib\ext\googletest\"/>
		</Unit>
		<Unit filename="/Users/zhoubaochuan/Workspace/Cplus/cplus/work/lib/ext/googletest/cmake/internal_utils.cmake">
			<Option virtualFolder="CMake Files\lib\ext\googletest\cmake\"/>
		</Unit>
		<Unit filename="/Users/zhoubaochuan/Workspace/Cplus/cplus/work/lib/ext/googletest/cmake/internal_utils.cmake">
			<Option virtualFolder="CMake Files\lib\ext\googletest\cmake\"/>
		</Unit>
	</Project>
</CodeBlocks_project_file>
